{
  "version": 4,
  "terraform_version": "1.7.2",
  "serial": 227,
  "lineage": "6d27474d-f061-1647-64a1-bf23a69d6cdc",
  "outputs": {},
  "resources": [
    {
      "mode": "managed",
      "type": "azurerm_container_app",
      "name": "Pranshu_hello1",
      "provider": "provider[\"registry.terraform.io/hashicorp/azurerm\"]",
      "instances": [
        {
          "schema_version": 0,
          "attributes": {
            "container_app_environment_id": "/subscriptions/972e2591-f0b5-4881-a4ec-6faedc78134c/resourceGroups/Pranshu-rg/providers/Microsoft.App/managedEnvironments/Pranshu-nginx-auth-poc-private-container-env",
            "custom_domain_verification_id": "6E08973AAC29ACA3F6814DE64E290D516571FD80E2BFBB62A6FB989E86503B1F",
            "dapr": [],
            "id": "/subscriptions/972e2591-f0b5-4881-a4ec-6faedc78134c/resourceGroups/Pranshu-rg/providers/Microsoft.App/containerApps/pranshuhello1",
            "identity": [],
            "ingress": [
              {
                "allow_insecure_connections": false,
                "custom_domain": [],
                "exposed_port": 0,
                "external_enabled": true,
                "fqdn": "pranshuhello1.purplegrass-c778ae27.eastus.azurecontainerapps.io",
                "ip_security_restriction": [],
                "target_port": 80,
                "traffic_weight": [
                  {
                    "label": "",
                    "latest_revision": true,
                    "percentage": 100,
                    "revision_suffix": ""
                  }
                ],
                "transport": "auto"
              }
            ],
            "latest_revision_fqdn": "pranshuhello1--7si5arx.purplegrass-c778ae27.eastus.azurecontainerapps.io",
            "latest_revision_name": "pranshuhello1--7si5arx",
            "location": "eastus",
            "max_inactive_revisions": 0,
            "name": "pranshuhello1",
            "outbound_ip_addresses": [
              "4.157.104.148"
            ],
            "registry": [
              {
                "identity": "",
                "password_secret_name": "githubtoken",
                "server": "ghcr.io",
                "username": "vineetkarandikar"
              }
            ],
            "resource_group_name": "Pranshu-rg",
            "revision_mode": "Single",
            "secret": [
              {
                "identity": "",
                "key_vault_secret_id": "",
                "name": "githubtoken",
                "value": "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"
              }
            ],
            "tags": {
              "source": "ghcr.io"
            },
            "template": [
              {
                "azure_queue_scale_rule": [],
                "container": [
                  {
                    "args": [],
                    "command": [],
                    "cpu": 0.25,
                    "env": [],
                    "ephemeral_storage": "1Gi",
                    "image": "ghcr.io/vineetkarandikar/hello-fast-api-1:hello1",
                    "liveness_probe": [],
                    "memory": "0.5Gi",
                    "name": "hello1-container",
                    "readiness_probe": [],
                    "startup_probe": [],
                    "volume_mounts": []
                  }
                ],
                "custom_scale_rule": [],
                "http_scale_rule": [],
                "init_container": [],
                "max_replicas": 2,
                "min_replicas": 1,
                "revision_suffix": "",
                "tcp_scale_rule": [],
                "volume": []
              }
            ],
            "timeouts": null,
            "workload_profile_name": ""
          },
          "sensitive_attributes": [
            [
              {
                "type": "get_attr",
                "value": "secret"
              }
            ]
          ],
          "private": "eyJlMmJmYjczMC1lY2FhLTExZTYtOGY4OC0zNDM2M2JjN2M0YzAiOnsiY3JlYXRlIjoxODAwMDAwMDAwMDAwLCJkZWxldGUiOjE4MDAwMDAwMDAwMDAsInJlYWQiOjMwMDAwMDAwMDAwMCwidXBkYXRlIjoxODAwMDAwMDAwMDAwfX0=",
          "dependencies": [
            "azurerm_container_app_environment.Pranshu_nginx_auth_poc_private_container_env",
            "azurerm_resource_group.Pranshu_nginx_poc_auth",
            "azurerm_subnet.aca_private_subnet",
            "azurerm_virtual_network.Pranshu_nginx_auth_poc_vnet"
          ]
        }
      ]
    },
    {
      "mode": "managed",
      "type": "azurerm_container_app",
      "name": "Pranshu_hello2",
      "provider": "provider[\"registry.terraform.io/hashicorp/azurerm\"]",
      "instances": [
        {
          "schema_version": 0,
          "attributes": {
            "container_app_environment_id": "/subscriptions/972e2591-f0b5-4881-a4ec-6faedc78134c/resourceGroups/Pranshu-rg/providers/Microsoft.App/managedEnvironments/Pranshu-nginx-auth-poc-private-container-env",
            "custom_domain_verification_id": "6E08973AAC29ACA3F6814DE64E290D516571FD80E2BFBB62A6FB989E86503B1F",
            "dapr": [],
            "id": "/subscriptions/972e2591-f0b5-4881-a4ec-6faedc78134c/resourceGroups/Pranshu-rg/providers/Microsoft.App/containerApps/pranshuhello2",
            "identity": [],
            "ingress": [
              {
                "allow_insecure_connections": false,
                "custom_domain": [],
                "exposed_port": 0,
                "external_enabled": true,
                "fqdn": "pranshuhello2.purplegrass-c778ae27.eastus.azurecontainerapps.io",
                "ip_security_restriction": [],
                "target_port": 80,
                "traffic_weight": [
                  {
                    "label": "",
                    "latest_revision": true,
                    "percentage": 100,
                    "revision_suffix": ""
                  }
                ],
                "transport": "auto"
              }
            ],
            "latest_revision_fqdn": "pranshuhello2--bxmra0c.purplegrass-c778ae27.eastus.azurecontainerapps.io",
            "latest_revision_name": "pranshuhello2--bxmra0c",
            "location": "eastus",
            "max_inactive_revisions": 0,
            "name": "pranshuhello2",
            "outbound_ip_addresses": [
              "4.157.104.148"
            ],
            "registry": [
              {
                "identity": "",
                "password_secret_name": "githubtoken",
                "server": "ghcr.io",
                "username": "vineetkarandikar"
              }
            ],
            "resource_group_name": "Pranshu-rg",
            "revision_mode": "Single",
            "secret": [
              {
                "identity": "",
                "key_vault_secret_id": "",
                "name": "githubtoken",
                "value": "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"
              }
            ],
            "tags": {
              "source": "ghcr.io"
            },
            "template": [
              {
                "azure_queue_scale_rule": [],
                "container": [
                  {
                    "args": [],
                    "command": [],
                    "cpu": 0.25,
                    "env": [],
                    "ephemeral_storage": "1Gi",
                    "image": "ghcr.io/vineetkarandikar/hello-fast-api-2:hello2",
                    "liveness_probe": [],
                    "memory": "0.5Gi",
                    "name": "hello2-container",
                    "readiness_probe": [],
                    "startup_probe": [],
                    "volume_mounts": []
                  }
                ],
                "custom_scale_rule": [],
                "http_scale_rule": [],
                "init_container": [],
                "max_replicas": 2,
                "min_replicas": 1,
                "revision_suffix": "",
                "tcp_scale_rule": [],
                "volume": []
              }
            ],
            "timeouts": null,
            "workload_profile_name": ""
          },
          "sensitive_attributes": [
            [
              {
                "type": "get_attr",
                "value": "secret"
              }
            ]
          ],
          "private": "eyJlMmJmYjczMC1lY2FhLTExZTYtOGY4OC0zNDM2M2JjN2M0YzAiOnsiY3JlYXRlIjoxODAwMDAwMDAwMDAwLCJkZWxldGUiOjE4MDAwMDAwMDAwMDAsInJlYWQiOjMwMDAwMDAwMDAwMCwidXBkYXRlIjoxODAwMDAwMDAwMDAwfX0=",
          "dependencies": [
            "azurerm_container_app_environment.Pranshu_nginx_auth_poc_private_container_env",
            "azurerm_resource_group.Pranshu_nginx_poc_auth",
            "azurerm_subnet.aca_private_subnet",
            "azurerm_virtual_network.Pranshu_nginx_auth_poc_vnet"
          ]
        }
      ]
    },
    {
      "mode": "managed",
      "type": "azurerm_container_app",
      "name": "Pranshu_nginx",
      "provider": "provider[\"registry.terraform.io/hashicorp/azurerm\"]",
      "instances": [
        {
          "schema_version": 0,
          "attributes": {
            "container_app_environment_id": "/subscriptions/972e2591-f0b5-4881-a4ec-6faedc78134c/resourceGroups/Pranshu-rg/providers/Microsoft.App/managedEnvironments/Pranshu-managedEnvironment-nginxpocauth-8f3a",
            "custom_domain_verification_id": "6E08973AAC29ACA3F6814DE64E290D516571FD80E2BFBB62A6FB989E86503B1F",
            "dapr": [],
            "id": "/subscriptions/972e2591-f0b5-4881-a4ec-6faedc78134c/resourceGroups/Pranshu-rg/providers/Microsoft.App/containerApps/nginx",
            "identity": [],
            "ingress": [
              {
                "allow_insecure_connections": false,
                "custom_domain": [],
                "exposed_port": 0,
                "external_enabled": true,
                "fqdn": "nginx.wittyflower-5cf27eef.eastus.azurecontainerapps.io",
                "ip_security_restriction": [],
                "target_port": 80,
                "traffic_weight": [
                  {
                    "label": "",
                    "latest_revision": true,
                    "percentage": 100,
                    "revision_suffix": ""
                  }
                ],
                "transport": "auto"
              }
            ],
            "latest_revision_fqdn": "nginx--hq6sy6c.wittyflower-5cf27eef.eastus.azurecontainerapps.io",
            "latest_revision_name": "nginx--hq6sy6c",
            "location": "eastus",
            "max_inactive_revisions": 0,
            "name": "nginx",
            "outbound_ip_addresses": [
              "172.171.136.159"
            ],
            "registry": [
              {
                "identity": "",
                "password_secret_name": "githubtoken",
                "server": "ghcr.io",
                "username": "vineetkarandikar"
              }
            ],
            "resource_group_name": "Pranshu-rg",
            "revision_mode": "Single",
            "secret": [
              {
                "identity": "",
                "key_vault_secret_id": "",
                "name": "githubtoken",
                "value": "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"
              }
            ],
            "tags": {
              "source": "ghcr.io"
            },
            "template": [
              {
                "azure_queue_scale_rule": [],
                "container": [
                  {
                    "args": null,
                    "command": null,
                    "cpu": 0.5,
                    "env": [],
                    "ephemeral_storage": "2Gi",
                    "image": "ghcr.io/vineetkarandikar/nginx-proxy-terraform-azure:latest",
                    "liveness_probe": [],
                    "memory": "1Gi",
                    "name": "nginx-container",
                    "readiness_probe": [],
                    "startup_probe": [],
                    "volume_mounts": []
                  }
                ],
                "custom_scale_rule": [],
                "http_scale_rule": [],
                "init_container": [],
                "max_replicas": 2,
                "min_replicas": 1,
                "revision_suffix": "",
                "tcp_scale_rule": [],
                "volume": []
              }
            ],
            "timeouts": null,
            "workload_profile_name": ""
          },
          "sensitive_attributes": [
            [
              {
                "type": "get_attr",
                "value": "secret"
              }
            ]
          ],
          "private": "eyJlMmJmYjczMC1lY2FhLTExZTYtOGY4OC0zNDM2M2JjN2M0YzAiOnsiY3JlYXRlIjoxODAwMDAwMDAwMDAwLCJkZWxldGUiOjE4MDAwMDAwMDAwMDAsInJlYWQiOjMwMDAwMDAwMDAwMCwidXBkYXRlIjoxODAwMDAwMDAwMDAwfX0=",
          "dependencies": [
            "azurerm_container_app_environment.Pranshu_managed_env_nginx_poc_auth_8f3a",
            "azurerm_resource_group.Pranshu_nginx_poc_auth",
            "azurerm_subnet.aca_pub_subnet",
            "azurerm_virtual_network.Pranshu_nginx_auth_poc_vnet"
          ]
        }
      ]
    },
    {
      "mode": "managed",
      "type": "azurerm_container_app_environment",
      "name": "Pranshu_managed_env_nginx_poc_auth_8f3a",
      "provider": "provider[\"registry.terraform.io/hashicorp/azurerm\"]",
      "instances": [
        {
          "schema_version": 0,
          "attributes": {
            "custom_domain_verification_id": "6E08973AAC29ACA3F6814DE64E290D516571FD80E2BFBB62A6FB989E86503B1F",
            "dapr_application_insights_connection_string": "",
            "default_domain": "wittyflower-5cf27eef.eastus.azurecontainerapps.io",
            "docker_bridge_cidr": "",
            "id": "/subscriptions/972e2591-f0b5-4881-a4ec-6faedc78134c/resourceGroups/Pranshu-rg/providers/Microsoft.App/managedEnvironments/Pranshu-managedEnvironment-nginxpocauth-8f3a",
            "infrastructure_resource_group_name": "",
            "infrastructure_subnet_id": "/subscriptions/972e2591-f0b5-4881-a4ec-6faedc78134c/resourceGroups/Pranshu-rg/providers/Microsoft.Network/virtualNetworks/Pranshu-nginx-auth-poc-vnet/subnets/public-subnet",
            "internal_load_balancer_enabled": false,
            "location": "eastus",
            "log_analytics_workspace_id": "",
            "mutual_tls_enabled": false,
            "name": "Pranshu-managedEnvironment-nginxpocauth-8f3a",
            "platform_reserved_cidr": "10.1.0.0/16",
            "platform_reserved_dns_ip_address": "10.1.0.2",
            "resource_group_name": "Pranshu-rg",
            "static_ip_address": "74.179.232.111",
            "tags": {},
            "timeouts": null,
            "workload_profile": [],
            "zone_redundancy_enabled": false
          },
          "sensitive_attributes": [],
          "private": "eyJlMmJmYjczMC1lY2FhLTExZTYtOGY4OC0zNDM2M2JjN2M0YzAiOnsiY3JlYXRlIjoxODAwMDAwMDAwMDAwLCJkZWxldGUiOjE4MDAwMDAwMDAwMDAsInJlYWQiOjMwMDAwMDAwMDAwMCwidXBkYXRlIjoxODAwMDAwMDAwMDAwfX0=",
          "dependencies": [
            "azurerm_resource_group.Pranshu_nginx_poc_auth",
            "azurerm_subnet.aca_pub_subnet",
            "azurerm_virtual_network.Pranshu_nginx_auth_poc_vnet"
          ]
        }
      ]
    },
    {
      "mode": "managed",
      "type": "azurerm_container_app_environment",
      "name": "Pranshu_nginx_auth_poc_private_container_env",
      "provider": "provider[\"registry.terraform.io/hashicorp/azurerm\"]",
      "instances": [
        {
          "schema_version": 0,
          "attributes": {
            "custom_domain_verification_id": "6E08973AAC29ACA3F6814DE64E290D516571FD80E2BFBB62A6FB989E86503B1F",
            "dapr_application_insights_connection_string": "",
            "default_domain": "purplegrass-c778ae27.eastus.azurecontainerapps.io",
            "docker_bridge_cidr": "",
            "id": "/subscriptions/972e2591-f0b5-4881-a4ec-6faedc78134c/resourceGroups/Pranshu-rg/providers/Microsoft.App/managedEnvironments/Pranshu-nginx-auth-poc-private-container-env",
            "infrastructure_resource_group_name": "",
            "infrastructure_subnet_id": "/subscriptions/972e2591-f0b5-4881-a4ec-6faedc78134c/resourceGroups/Pranshu-rg/providers/Microsoft.Network/virtualNetworks/Pranshu-nginx-auth-poc-vnet/subnets/private-subnet",
            "internal_load_balancer_enabled": false,
            "location": "eastus",
            "log_analytics_workspace_id": "",
            "mutual_tls_enabled": false,
            "name": "Pranshu-nginx-auth-poc-private-container-env",
            "platform_reserved_cidr": "10.1.0.0/16",
            "platform_reserved_dns_ip_address": "10.1.0.2",
            "resource_group_name": "Pranshu-rg",
            "static_ip_address": "4.156.45.76",
            "tags": {},
            "timeouts": null,
            "workload_profile": [],
            "zone_redundancy_enabled": false
          },
          "sensitive_attributes": [],
          "private": "eyJlMmJmYjczMC1lY2FhLTExZTYtOGY4OC0zNDM2M2JjN2M0YzAiOnsiY3JlYXRlIjoxODAwMDAwMDAwMDAwLCJkZWxldGUiOjE4MDAwMDAwMDAwMDAsInJlYWQiOjMwMDAwMDAwMDAwMCwidXBkYXRlIjoxODAwMDAwMDAwMDAwfX0=",
          "dependencies": [
            "azurerm_resource_group.Pranshu_nginx_poc_auth",
            "azurerm_subnet.aca_private_subnet",
            "azurerm_virtual_network.Pranshu_nginx_auth_poc_vnet"
          ]
        }
      ]
    },
    {
      "mode": "managed",
      "type": "azurerm_log_analytics_workspace",
      "name": "Pranshu_workspace_nginx_poc_auth_8a6c",
      "provider": "provider[\"registry.terraform.io/hashicorp/azurerm\"]",
      "instances": [
        {
          "schema_version": 3,
          "attributes": {
            "allow_resource_only_permissions": true,
            "cmk_for_query_forced": false,
            "daily_quota_gb": -1,
            "data_collection_rule_id": "",
            "id": "/subscriptions/972e2591-f0b5-4881-a4ec-6faedc78134c/resourceGroups/Pranshu-rg/providers/Microsoft.OperationalInsights/workspaces/Pranshu-workspacenginxpocauth8a6c",
            "identity": [],
            "immediate_data_purge_on_30_days_enabled": false,
            "internet_ingestion_enabled": true,
            "internet_query_enabled": true,
            "local_authentication_disabled": false,
            "location": "eastus",
            "name": "Pranshu-workspacenginxpocauth8a6c",
            "primary_shared_key": "UVhx2xF8p2cVJDybrPvZy30UZEev7w8OzYasHkDFKJzWv/5AN+NSZq/hMmvGn+Ko4wkV/9EHHZwAlISkQF2bbw==",
            "reservation_capacity_in_gb_per_day": null,
            "resource_group_name": "Pranshu-rg",
            "retention_in_days": 30,
            "secondary_shared_key": "zVRMSthQLySj7BCLxv4uYNoSh/Id7FdRJxYFKGQ0GCGQvAN1tVxl2L7DKGtRorcsc8ysLhM5LRbfwNWMFdz35g==",
            "sku": "PerGB2018",
            "tags": {},
            "timeouts": null,
            "workspace_id": "6220c1c8-6bb9-4487-aaeb-8ca73ea3ceb0"
          },
          "sensitive_attributes": [],
          "private": "eyJlMmJmYjczMC1lY2FhLTExZTYtOGY4OC0zNDM2M2JjN2M0YzAiOnsiY3JlYXRlIjoxODAwMDAwMDAwMDAwLCJkZWxldGUiOjE4MDAwMDAwMDAwMDAsInJlYWQiOjMwMDAwMDAwMDAwMCwidXBkYXRlIjoxODAwMDAwMDAwMDAwfSwic2NoZW1hX3ZlcnNpb24iOiIzIn0=",
          "dependencies": [
            "azurerm_resource_group.Pranshu_nginx_poc_auth"
          ]
        }
      ]
    },
    {
      "mode": "managed",
      "type": "azurerm_log_analytics_workspace",
      "name": "Pranshu_workspace_nginx_poc_auth_b022",
      "provider": "provider[\"registry.terraform.io/hashicorp/azurerm\"]",
      "instances": [
        {
          "schema_version": 3,
          "attributes": {
            "allow_resource_only_permissions": true,
            "cmk_for_query_forced": false,
            "daily_quota_gb": -1,
            "data_collection_rule_id": "",
            "id": "/subscriptions/972e2591-f0b5-4881-a4ec-6faedc78134c/resourceGroups/Pranshu-rg/providers/Microsoft.OperationalInsights/workspaces/Pranshu-workspacenginxpocauthb022",
            "identity": [],
            "immediate_data_purge_on_30_days_enabled": false,
            "internet_ingestion_enabled": true,
            "internet_query_enabled": true,
            "local_authentication_disabled": false,
            "location": "eastus",
            "name": "Pranshu-workspacenginxpocauthb022",
            "primary_shared_key": "bCViWXpIQI+YYl+/jZba/n+ZAeXiOxY/2HNvclghFOi72sx8Dqm2mLUhOVIPn7rFMMenMlDybRLktPLpU2rnHA==",
            "reservation_capacity_in_gb_per_day": null,
            "resource_group_name": "Pranshu-rg",
            "retention_in_days": 30,
            "secondary_shared_key": "zqETMsS+Ef1E/Yz5oe7G1GPxJPoJJwHMISbgdRdoRmDmSaCJ6oJ5vguSxLyjJV4/tGulTqmRROpHyrzRgdQJgg==",
            "sku": "PerGB2018",
            "tags": {},
            "timeouts": null,
            "workspace_id": "0a3bf7fc-d565-4569-97b6-5b15b646ad93"
          },
          "sensitive_attributes": [],
          "private": "eyJlMmJmYjczMC1lY2FhLTExZTYtOGY4OC0zNDM2M2JjN2M0YzAiOnsiY3JlYXRlIjoxODAwMDAwMDAwMDAwLCJkZWxldGUiOjE4MDAwMDAwMDAwMDAsInJlYWQiOjMwMDAwMDAwMDAwMCwidXBkYXRlIjoxODAwMDAwMDAwMDAwfSwic2NoZW1hX3ZlcnNpb24iOiIzIn0=",
          "dependencies": [
            "azurerm_resource_group.Pranshu_nginx_poc_auth"
          ]
        }
      ]
    },
    {
      "mode": "managed",
      "type": "azurerm_nat_gateway",
      "name": "Pranshu_test_public_private_ngw",
      "provider": "provider[\"registry.terraform.io/hashicorp/azurerm\"]",
      "instances": [
        {
          "schema_version": 0,
          "attributes": {
            "id": "/subscriptions/972e2591-f0b5-4881-a4ec-6faedc78134c/resourceGroups/Pranshu-rg/providers/Microsoft.Network/natGateways/Pranshu-test-public-private-ngw-1",
            "idle_timeout_in_minutes": 4,
            "location": "eastus",
            "name": "Pranshu-test-public-private-ngw-1",
            "resource_group_name": "Pranshu-rg",
            "resource_guid": "d095e2e6-d3f2-431f-9329-ea4de263e458",
            "sku_name": "Standard",
            "tags": {},
            "timeouts": null,
            "zones": []
          },
          "sensitive_attributes": [],
          "private": "eyJlMmJmYjczMC1lY2FhLTExZTYtOGY4OC0zNDM2M2JjN2M0YzAiOnsiY3JlYXRlIjozNjAwMDAwMDAwMDAwLCJkZWxldGUiOjM2MDAwMDAwMDAwMDAsInJlYWQiOjMwMDAwMDAwMDAwMCwidXBkYXRlIjozNjAwMDAwMDAwMDAwfX0=",
          "dependencies": [
            "azurerm_resource_group.Pranshu_nginx_poc_auth"
          ]
        }
      ]
    },
    {
      "mode": "managed",
      "type": "azurerm_network_security_group",
      "name": "Pranshu_private_nsg",
      "provider": "provider[\"registry.terraform.io/hashicorp/azurerm\"]",
      "instances": [
        {
          "schema_version": 0,
          "attributes": {
            "id": "/subscriptions/972e2591-f0b5-4881-a4ec-6faedc78134c/resourceGroups/Pranshu-rg/providers/Microsoft.Network/networkSecurityGroups/Pranshu-private-nsg",
            "location": "eastus",
            "name": "Pranshu-private-nsg",
            "resource_group_name": "Pranshu-rg",
            "security_rule": [
              {
                "access": "Allow",
                "description": "",
                "destination_address_prefix": "*",
                "destination_address_prefixes": [],
                "destination_application_security_group_ids": [],
                "destination_port_range": "*",
                "destination_port_ranges": [],
                "direction": "Inbound",
                "name": "AllowCidrBlockCustomAnyInbound",
                "priority": 100,
                "protocol": "*",
                "source_address_prefix": "10.0.2.0/23",
                "source_address_prefixes": [],
                "source_application_security_group_ids": [],
                "source_port_range": "*",
                "source_port_ranges": []
              }
            ],
            "tags": {},
            "timeouts": null
          },
          "sensitive_attributes": [],
          "private": "eyJlMmJmYjczMC1lY2FhLTExZTYtOGY4OC0zNDM2M2JjN2M0YzAiOnsiY3JlYXRlIjoxODAwMDAwMDAwMDAwLCJkZWxldGUiOjE4MDAwMDAwMDAwMDAsInJlYWQiOjMwMDAwMDAwMDAwMCwidXBkYXRlIjoxODAwMDAwMDAwMDAwfX0=",
          "dependencies": [
            "azurerm_resource_group.Pranshu_nginx_poc_auth"
          ]
        }
      ]
    },
    {
      "mode": "managed",
      "type": "azurerm_network_security_group",
      "name": "private_nsg",
      "provider": "provider[\"registry.terraform.io/hashicorp/azurerm\"]",
      "instances": [
        {
          "schema_version": 0,
          "attributes": {
            "id": "/subscriptions/972e2591-f0b5-4881-a4ec-6faedc78134c/resourceGroups/Pranshu-rg/providers/Microsoft.Network/networkSecurityGroups/private-nsg",
            "location": "eastus",
            "name": "private-nsg",
            "resource_group_name": "Pranshu-rg",
            "security_rule": [
              {
                "access": "Allow",
                "description": "",
                "destination_address_prefix": "*",
                "destination_address_prefixes": [],
                "destination_application_security_group_ids": [],
                "destination_port_range": "*",
                "destination_port_ranges": [],
                "direction": "Inbound",
                "name": "AllowAnyCustomAnyInbound",
                "priority": 100,
                "protocol": "*",
                "source_address_prefix": "10.0.2.0/23",
                "source_address_prefixes": [],
                "source_application_security_group_ids": [],
                "source_port_range": "*",
                "source_port_ranges": []
              }
            ],
            "tags": {},
            "timeouts": null
          },
          "sensitive_attributes": [],
          "private": "eyJlMmJmYjczMC1lY2FhLTExZTYtOGY4OC0zNDM2M2JjN2M0YzAiOnsiY3JlYXRlIjoxODAwMDAwMDAwMDAwLCJkZWxldGUiOjE4MDAwMDAwMDAwMDAsInJlYWQiOjMwMDAwMDAwMDAwMCwidXBkYXRlIjoxODAwMDAwMDAwMDAwfX0=",
          "dependencies": [
            "azurerm_resource_group.Pranshu_nginx_poc_auth"
          ]
        }
      ]
    },
    {
      "mode": "managed",
      "type": "azurerm_private_dns_a_record",
      "name": "Pranshu_nginx_a_record",
      "provider": "provider[\"registry.terraform.io/hashicorp/azurerm\"]",
      "instances": [
        {
          "schema_version": 0,
          "attributes": {
            "fqdn": "*.purplegrass-c778ae27.eastus.azurecontainerapps.io.",
            "id": "/subscriptions/972e2591-f0b5-4881-a4ec-6faedc78134c/resourceGroups/Pranshu-rg/providers/Microsoft.Network/privateDnsZones/purplegrass-c778ae27.eastus.azurecontainerapps.io/A/*",
            "name": "*",
            "records": [
              "4.156.45.76"
            ],
            "resource_group_name": "Pranshu-rg",
            "tags": {},
            "timeouts": null,
            "ttl": 3600,
            "zone_name": "purplegrass-c778ae27.eastus.azurecontainerapps.io"
          },
          "sensitive_attributes": [],
          "private": "eyJlMmJmYjczMC1lY2FhLTExZTYtOGY4OC0zNDM2M2JjN2M0YzAiOnsiY3JlYXRlIjoxODAwMDAwMDAwMDAwLCJkZWxldGUiOjE4MDAwMDAwMDAwMDAsInJlYWQiOjMwMDAwMDAwMDAwMCwidXBkYXRlIjoxODAwMDAwMDAwMDAwfX0=",
          "dependencies": [
            "azurerm_container_app_environment.Pranshu_nginx_auth_poc_private_container_env",
            "azurerm_private_dns_zone.Pranshu_bravecoast_dns_zone",
            "azurerm_resource_group.Pranshu_nginx_poc_auth",
            "azurerm_subnet.aca_private_subnet",
            "azurerm_virtual_network.Pranshu_nginx_auth_poc_vnet"
          ]
        }
      ]
    },
    {
      "mode": "managed",
      "type": "azurerm_private_dns_zone",
      "name": "Pranshu_bravecoast_dns_zone",
      "provider": "provider[\"registry.terraform.io/hashicorp/azurerm\"]",
      "instances": [
        {
          "schema_version": 0,
          "attributes": {
            "id": "/subscriptions/972e2591-f0b5-4881-a4ec-6faedc78134c/resourceGroups/Pranshu-rg/providers/Microsoft.Network/privateDnsZones/purplegrass-c778ae27.eastus.azurecontainerapps.io",
            "max_number_of_record_sets": 25000,
            "max_number_of_virtual_network_links": 1000,
            "max_number_of_virtual_network_links_with_registration": 100,
            "name": "purplegrass-c778ae27.eastus.azurecontainerapps.io",
            "number_of_record_sets": 6,
            "resource_group_name": "Pranshu-rg",
            "soa_record": [
              {
                "email": "azureprivatedns-host.microsoft.com",
                "expire_time": 2419200,
                "fqdn": "purplegrass-c778ae27.eastus.azurecontainerapps.io.",
                "host_name": "azureprivatedns.net",
                "minimum_ttl": 10,
                "refresh_time": 3600,
                "retry_time": 300,
                "serial_number": 1,
                "tags": {},
                "ttl": 3600
              }
            ],
            "tags": {},
            "timeouts": null
          },
          "sensitive_attributes": [],
          "private": "eyJlMmJmYjczMC1lY2FhLTExZTYtOGY4OC0zNDM2M2JjN2M0YzAiOnsiY3JlYXRlIjoxODAwMDAwMDAwMDAwLCJkZWxldGUiOjE4MDAwMDAwMDAwMDAsInJlYWQiOjMwMDAwMDAwMDAwMCwidXBkYXRlIjoxODAwMDAwMDAwMDAwfX0=",
          "dependencies": [
            "azurerm_resource_group.Pranshu_nginx_poc_auth"
          ]
        }
      ]
    },
    {
      "mode": "managed",
      "type": "azurerm_public_ip",
      "name": "Pranshu_private_subnet",
      "provider": "provider[\"registry.terraform.io/hashicorp/azurerm\"]",
      "instances": [
        {
          "schema_version": 0,
          "attributes": {
            "allocation_method": "Static",
            "ddos_protection_mode": "VirtualNetworkInherited",
            "ddos_protection_plan_id": null,
            "domain_name_label": null,
            "domain_name_label_scope": null,
            "edge_zone": "",
            "fqdn": null,
            "id": "/subscriptions/972e2591-f0b5-4881-a4ec-6faedc78134c/resourceGroups/Pranshu-rg/providers/Microsoft.Network/publicIPAddresses/Pranshu-private-subnet",
            "idle_timeout_in_minutes": 4,
            "ip_address": "74.235.245.245",
            "ip_tags": {},
            "ip_version": "IPv4",
            "location": "eastus",
            "name": "Pranshu-private-subnet",
            "public_ip_prefix_id": null,
            "resource_group_name": "Pranshu-rg",
            "reverse_fqdn": null,
            "sku": "Standard",
            "sku_tier": "Regional",
            "tags": {},
            "timeouts": null,
            "zones": []
          },
          "sensitive_attributes": [],
          "private": "eyJlMmJmYjczMC1lY2FhLTExZTYtOGY4OC0zNDM2M2JjN2M0YzAiOnsiY3JlYXRlIjoxODAwMDAwMDAwMDAwLCJkZWxldGUiOjE4MDAwMDAwMDAwMDAsInJlYWQiOjMwMDAwMDAwMDAwMCwidXBkYXRlIjoxODAwMDAwMDAwMDAwfX0=",
          "dependencies": [
            "azurerm_resource_group.Pranshu_nginx_poc_auth"
          ]
        }
      ]
    },
    {
      "mode": "managed",
      "type": "azurerm_resource_group",
      "name": "Pranshu_nginx_poc_auth",
      "provider": "provider[\"registry.terraform.io/hashicorp/azurerm\"]",
      "instances": [
        {
          "schema_version": 0,
          "attributes": {
            "id": "/subscriptions/972e2591-f0b5-4881-a4ec-6faedc78134c/resourceGroups/Pranshu-rg",
            "location": "eastus",
            "managed_by": "",
            "name": "Pranshu-rg",
            "tags": {},
            "timeouts": null
          },
          "sensitive_attributes": [],
          "private": "eyJlMmJmYjczMC1lY2FhLTExZTYtOGY4OC0zNDM2M2JjN2M0YzAiOnsiY3JlYXRlIjo1NDAwMDAwMDAwMDAwLCJkZWxldGUiOjU0MDAwMDAwMDAwMDAsInJlYWQiOjMwMDAwMDAwMDAwMCwidXBkYXRlIjo1NDAwMDAwMDAwMDAwfX0="
        }
      ]
    },
    {
      "mode": "managed",
      "type": "azurerm_subnet",
      "name": "aca_private_subnet",
      "provider": "provider[\"registry.terraform.io/hashicorp/azurerm\"]",
      "instances": [
        {
          "schema_version": 0,
          "attributes": {
            "address_prefixes": [
              "10.0.6.0/23"
            ],
            "default_outbound_access_enabled": true,
            "delegation": [],
            "id": "/subscriptions/972e2591-f0b5-4881-a4ec-6faedc78134c/resourceGroups/Pranshu-rg/providers/Microsoft.Network/virtualNetworks/Pranshu-nginx-auth-poc-vnet/subnets/private-subnet",
            "name": "private-subnet",
            "private_endpoint_network_policies": "Enabled",
            "private_link_service_network_policies_enabled": true,
            "resource_group_name": "Pranshu-rg",
            "service_endpoint_policy_ids": [],
            "service_endpoints": [],
            "timeouts": null,
            "virtual_network_name": "Pranshu-nginx-auth-poc-vnet"
          },
          "sensitive_attributes": [],
          "private": "eyJlMmJmYjczMC1lY2FhLTExZTYtOGY4OC0zNDM2M2JjN2M0YzAiOnsiY3JlYXRlIjoxODAwMDAwMDAwMDAwLCJkZWxldGUiOjE4MDAwMDAwMDAwMDAsInJlYWQiOjMwMDAwMDAwMDAwMCwidXBkYXRlIjoxODAwMDAwMDAwMDAwfX0=",
          "dependencies": [
            "azurerm_resource_group.Pranshu_nginx_poc_auth",
            "azurerm_virtual_network.Pranshu_nginx_auth_poc_vnet"
          ]
        }
      ]
    },
    {
      "mode": "managed",
      "type": "azurerm_subnet",
      "name": "aca_pub_subnet",
      "provider": "provider[\"registry.terraform.io/hashicorp/azurerm\"]",
      "instances": [
        {
          "schema_version": 0,
          "attributes": {
            "address_prefixes": [
              "10.0.2.0/23"
            ],
            "default_outbound_access_enabled": true,
            "delegation": [],
            "id": "/subscriptions/972e2591-f0b5-4881-a4ec-6faedc78134c/resourceGroups/Pranshu-rg/providers/Microsoft.Network/virtualNetworks/Pranshu-nginx-auth-poc-vnet/subnets/public-subnet",
            "name": "public-subnet",
            "private_endpoint_network_policies": "Enabled",
            "private_link_service_network_policies_enabled": true,
            "resource_group_name": "Pranshu-rg",
            "service_endpoint_policy_ids": [],
            "service_endpoints": [],
            "timeouts": null,
            "virtual_network_name": "Pranshu-nginx-auth-poc-vnet"
          },
          "sensitive_attributes": [],
          "private": "eyJlMmJmYjczMC1lY2FhLTExZTYtOGY4OC0zNDM2M2JjN2M0YzAiOnsiY3JlYXRlIjoxODAwMDAwMDAwMDAwLCJkZWxldGUiOjE4MDAwMDAwMDAwMDAsInJlYWQiOjMwMDAwMDAwMDAwMCwidXBkYXRlIjoxODAwMDAwMDAwMDAwfX0=",
          "dependencies": [
            "azurerm_resource_group.Pranshu_nginx_poc_auth",
            "azurerm_virtual_network.Pranshu_nginx_auth_poc_vnet"
          ]
        }
      ]
    },
    {
      "mode": "managed",
      "type": "azurerm_subnet_network_security_group_association",
      "name": "example",
      "provider": "provider[\"registry.terraform.io/hashicorp/azurerm\"]",
      "instances": [
        {
          "schema_version": 0,
          "attributes": {
            "id": "/subscriptions/972e2591-f0b5-4881-a4ec-6faedc78134c/resourceGroups/Pranshu-rg/providers/Microsoft.Network/virtualNetworks/Pranshu-nginx-auth-poc-vnet/subnets/private-subnet",
            "network_security_group_id": "/subscriptions/972e2591-f0b5-4881-a4ec-6faedc78134c/resourceGroups/Pranshu-rg/providers/Microsoft.Network/networkSecurityGroups/private-nsg",
            "subnet_id": "/subscriptions/972e2591-f0b5-4881-a4ec-6faedc78134c/resourceGroups/Pranshu-rg/providers/Microsoft.Network/virtualNetworks/Pranshu-nginx-auth-poc-vnet/subnets/private-subnet",
            "timeouts": null
          },
          "sensitive_attributes": [],
          "private": "eyJlMmJmYjczMC1lY2FhLTExZTYtOGY4OC0zNDM2M2JjN2M0YzAiOnsiY3JlYXRlIjoxODAwMDAwMDAwMDAwLCJkZWxldGUiOjE4MDAwMDAwMDAwMDAsInJlYWQiOjMwMDAwMDAwMDAwMH19",
          "dependencies": [
            "azurerm_network_security_group.private_nsg",
            "azurerm_resource_group.Pranshu_nginx_poc_auth",
            "azurerm_subnet.aca_private_subnet",
            "azurerm_virtual_network.Pranshu_nginx_auth_poc_vnet"
          ]
        }
      ]
    },
    {
      "mode": "managed",
      "type": "azurerm_virtual_network",
      "name": "Pranshu_nginx_auth_poc_vnet",
      "provider": "provider[\"registry.terraform.io/hashicorp/azurerm\"]",
      "instances": [
        {
          "schema_version": 0,
          "attributes": {
            "address_space": [
              "10.0.0.0/16"
            ],
            "bgp_community": "",
            "ddos_protection_plan": [],
            "dns_servers": [],
            "edge_zone": "",
            "encryption": [],
            "flow_timeout_in_minutes": 0,
            "guid": "02199d63-03d3-474c-9c0b-965f4b6e9071",
            "id": "/subscriptions/972e2591-f0b5-4881-a4ec-6faedc78134c/resourceGroups/Pranshu-rg/providers/Microsoft.Network/virtualNetworks/Pranshu-nginx-auth-poc-vnet",
            "location": "eastus",
            "name": "Pranshu-nginx-auth-poc-vnet",
            "resource_group_name": "Pranshu-rg",
            "subnet": [
              {
                "address_prefixes": [
                  "10.0.1.0/24"
                ],
                "default_outbound_access_enabled": false,
                "delegation": [
                  {
                    "name": "Microsoft.App.environments",
                    "service_delegation": [
                      {
                        "actions": [
                          "Microsoft.Network/virtualNetworks/subnets/join/action"
                        ],
                        "name": "Microsoft.App/environments"
                      }
                    ]
                  }
                ],
                "id": "/subscriptions/972e2591-f0b5-4881-a4ec-6faedc78134c/resourceGroups/Pranshu-rg/providers/Microsoft.Network/virtualNetworks/Pranshu-nginx-auth-poc-vnet/subnets/private-subnet2",
                "name": "private-subnet2",
                "private_endpoint_network_policies": "Disabled",
                "private_link_service_network_policies_enabled": true,
                "route_table_id": "",
                "security_group": "/subscriptions/972e2591-f0b5-4881-a4ec-6faedc78134c/resourceGroups/Pranshu-rg/providers/Microsoft.Network/networkSecurityGroups/Pranshu-private-nsg",
                "service_endpoint_policy_ids": [],
                "service_endpoints": []
              },
              {
                "address_prefixes": [
                  "10.0.2.0/23"
                ],
                "default_outbound_access_enabled": true,
                "delegation": [
                  {
                    "name": "Microsoft.App/environments",
                    "service_delegation": [
                      {
                        "actions": [
                          "Microsoft.Network/virtualNetworks/subnets/join/action"
                        ],
                        "name": "Microsoft.App/environments"
                      }
                    ]
                  }
                ],
                "id": "/subscriptions/972e2591-f0b5-4881-a4ec-6faedc78134c/resourceGroups/Pranshu-rg/providers/Microsoft.Network/virtualNetworks/Pranshu-nginx-auth-poc-vnet/subnets/public-subnet",
                "name": "public-subnet",
                "private_endpoint_network_policies": "Disabled",
                "private_link_service_network_policies_enabled": true,
                "route_table_id": "",
                "security_group": "",
                "service_endpoint_policy_ids": [],
                "service_endpoints": []
              },
              {
                "address_prefixes": [
                  "10.0.6.0/23"
                ],
                "default_outbound_access_enabled": false,
                "delegation": [
                  {
                    "name": "Microsoft.App/environments",
                    "service_delegation": [
                      {
                        "actions": [
                          "Microsoft.Network/virtualNetworks/subnets/join/action"
                        ],
                        "name": "Microsoft.App/environments"
                      }
                    ]
                  }
                ],
                "id": "/subscriptions/972e2591-f0b5-4881-a4ec-6faedc78134c/resourceGroups/Pranshu-rg/providers/Microsoft.Network/virtualNetworks/Pranshu-nginx-auth-poc-vnet/subnets/private-subnet",
                "name": "private-subnet",
                "private_endpoint_network_policies": "NetworkSecurityGroupEnabled",
                "private_link_service_network_policies_enabled": true,
                "route_table_id": "",
                "security_group": "/subscriptions/972e2591-f0b5-4881-a4ec-6faedc78134c/resourceGroups/Pranshu-rg/providers/Microsoft.Network/networkSecurityGroups/private-nsg",
                "service_endpoint_policy_ids": [],
                "service_endpoints": []
              }
            ],
            "tags": {},
            "timeouts": null
          },
          "sensitive_attributes": [],
          "private": "eyJlMmJmYjczMC1lY2FhLTExZTYtOGY4OC0zNDM2M2JjN2M0YzAiOnsiY3JlYXRlIjoxODAwMDAwMDAwMDAwLCJkZWxldGUiOjE4MDAwMDAwMDAwMDAsInJlYWQiOjMwMDAwMDAwMDAwMCwidXBkYXRlIjoxODAwMDAwMDAwMDAwfX0=",
          "dependencies": [
            "azurerm_resource_group.Pranshu_nginx_poc_auth"
          ]
        }
      ]
    }
  ],
  "check_results": null
}
