{
  "version": 4,
  "terraform_version": "1.7.2",
  "serial": 362,
  "lineage": "6d27474d-f061-1647-64a1-bf23a69d6cdc",
  "outputs": {},
  "resources": [
    {
      "mode": "managed",
      "type": "azurerm_container_app",
      "name": "test_hello1",
      "provider": "provider[\"registry.terraform.io/hashicorp/azurerm\"]",
      "instances": [
        {
          "schema_version": 0,
          "attributes": {
            "container_app_environment_id": "/subscriptions/972e2591-f0b5-4881-a4ec-6faedc78134c/resourceGroups/Test-rg/providers/Microsoft.App/managedEnvironments/test-backend-services-env",
            "custom_domain_verification_id": "6E08973AAC29ACA3F6814DE64E290D516571FD80E2BFBB62A6FB989E86503B1F",
            "dapr": [],
            "id": "/subscriptions/972e2591-f0b5-4881-a4ec-6faedc78134c/resourceGroups/test-rg/providers/Microsoft.App/containerApps/testhello1",
            "identity": [
              {
                "identity_ids": null,
                "principal_id": "fc7fb887-71fc-4bbc-8e7c-ce7a1f0ec240",
                "tenant_id": "c5fad586-98af-466b-9fa6-a457724edb9c",
                "type": "SystemAssigned"
              }
            ],
            "ingress": [
              {
                "allow_insecure_connections": false,
                "custom_domain": [],
                "exposed_port": 0,
                "external_enabled": true,
                "fqdn": "testhello1.thankfulrock-3eeafc2a.eastus.azurecontainerapps.io",
                "ip_security_restriction": [],
                "target_port": 80,
                "traffic_weight": [
                  {
                    "label": "",
                    "latest_revision": true,
                    "percentage": 100,
                    "revision_suffix": ""
                  }
                ],
                "transport": "auto"
              }
            ],
            "latest_revision_fqdn": "testhello1--dym68oa.thankfulrock-3eeafc2a.eastus.azurecontainerapps.io",
            "latest_revision_name": "testhello1--dym68oa",
            "location": "eastus",
            "max_inactive_revisions": 0,
            "name": "testhello1",
            "outbound_ip_addresses": [
              "57.152.27.114"
            ],
            "registry": [
              {
                "identity": "",
                "password_secret_name": "githubtoken",
                "server": "ghcr.io",
                "username": "vineetkarandikar"
              }
            ],
            "resource_group_name": "test-rg",
            "revision_mode": "Single",
            "secret": [
              {
                "identity": "",
                "key_vault_secret_id": "",
                "name": "githubtoken",
                "value": "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"
              }
            ],
            "tags": {
              "source": "ghcr.io"
            },
            "template": [
              {
                "azure_queue_scale_rule": [],
                "container": [
                  {
                    "args": null,
                    "command": null,
                    "cpu": 0.25,
                    "env": [],
                    "ephemeral_storage": "1Gi",
                    "image": "ghcr.io/vineetkarandikar/hello-fast-api-1:hello1",
                    "liveness_probe": [],
                    "memory": "0.5Gi",
                    "name": "hello1-container",
                    "readiness_probe": [],
                    "startup_probe": [],
                    "volume_mounts": []
                  }
                ],
                "custom_scale_rule": [],
                "http_scale_rule": [],
                "init_container": [],
                "max_replicas": 2,
                "min_replicas": 1,
                "revision_suffix": "",
                "tcp_scale_rule": [],
                "volume": []
              }
            ],
            "timeouts": null,
            "workload_profile_name": ""
          },
          "sensitive_attributes": [
            [
              {
                "type": "get_attr",
                "value": "secret"
              }
            ]
          ],
          "private": "eyJlMmJmYjczMC1lY2FhLTExZTYtOGY4OC0zNDM2M2JjN2M0YzAiOnsiY3JlYXRlIjoxODAwMDAwMDAwMDAwLCJkZWxldGUiOjE4MDAwMDAwMDAwMDAsInJlYWQiOjMwMDAwMDAwMDAwMCwidXBkYXRlIjoxODAwMDAwMDAwMDAwfX0=",
          "dependencies": [
            "azurerm_container_app_environment.test_nginx_auth_poc_private_container_env",
            "azurerm_log_analytics_workspace.public_env022",
            "azurerm_resource_group.test_nginx_poc_auth",
            "azurerm_subnet.aca_private_subnet",
            "azurerm_virtual_network.test_nginx_auth_poc_vnet"
          ]
        }
      ]
    },
    {
      "mode": "managed",
      "type": "azurerm_container_app",
      "name": "test_hello2",
      "provider": "provider[\"registry.terraform.io/hashicorp/azurerm\"]",
      "instances": [
        {
          "schema_version": 0,
          "attributes": {
            "container_app_environment_id": "/subscriptions/972e2591-f0b5-4881-a4ec-6faedc78134c/resourceGroups/Test-rg/providers/Microsoft.App/managedEnvironments/test-backend-services-env",
            "custom_domain_verification_id": "6E08973AAC29ACA3F6814DE64E290D516571FD80E2BFBB62A6FB989E86503B1F",
            "dapr": [],
            "id": "/subscriptions/972e2591-f0b5-4881-a4ec-6faedc78134c/resourceGroups/test-rg/providers/Microsoft.App/containerApps/testhello2",
            "identity": [
              {
                "identity_ids": null,
                "principal_id": "eb6ec693-a227-44d7-9ea6-704d06d9ba73",
                "tenant_id": "c5fad586-98af-466b-9fa6-a457724edb9c",
                "type": "SystemAssigned"
              }
            ],
            "ingress": [
              {
                "allow_insecure_connections": false,
                "custom_domain": [],
                "exposed_port": 0,
                "external_enabled": true,
                "fqdn": "testhello2.thankfulrock-3eeafc2a.eastus.azurecontainerapps.io",
                "ip_security_restriction": [],
                "target_port": 80,
                "traffic_weight": [
                  {
                    "label": "",
                    "latest_revision": true,
                    "percentage": 100,
                    "revision_suffix": ""
                  }
                ],
                "transport": "auto"
              }
            ],
            "latest_revision_fqdn": "testhello2--zvcdn4k.thankfulrock-3eeafc2a.eastus.azurecontainerapps.io",
            "latest_revision_name": "testhello2--zvcdn4k",
            "location": "eastus",
            "max_inactive_revisions": 0,
            "name": "testhello2",
            "outbound_ip_addresses": [
              "57.152.27.114"
            ],
            "registry": [
              {
                "identity": "",
                "password_secret_name": "githubtoken",
                "server": "ghcr.io",
                "username": "vineetkarandikar"
              }
            ],
            "resource_group_name": "test-rg",
            "revision_mode": "Single",
            "secret": [
              {
                "identity": "",
                "key_vault_secret_id": "",
                "name": "githubtoken",
                "value": "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"
              }
            ],
            "tags": {
              "source": "ghcr.io"
            },
            "template": [
              {
                "azure_queue_scale_rule": [],
                "container": [
                  {
                    "args": null,
                    "command": null,
                    "cpu": 0.25,
                    "env": [],
                    "ephemeral_storage": "1Gi",
                    "image": "ghcr.io/vineetkarandikar/hello-fast-api-2:hello2",
                    "liveness_probe": [],
                    "memory": "0.5Gi",
                    "name": "hello2-container",
                    "readiness_probe": [],
                    "startup_probe": [],
                    "volume_mounts": []
                  }
                ],
                "custom_scale_rule": [],
                "http_scale_rule": [],
                "init_container": [],
                "max_replicas": 2,
                "min_replicas": 1,
                "revision_suffix": "",
                "tcp_scale_rule": [],
                "volume": []
              }
            ],
            "timeouts": null,
            "workload_profile_name": ""
          },
          "sensitive_attributes": [
            [
              {
                "type": "get_attr",
                "value": "secret"
              }
            ]
          ],
          "private": "eyJlMmJmYjczMC1lY2FhLTExZTYtOGY4OC0zNDM2M2JjN2M0YzAiOnsiY3JlYXRlIjoxODAwMDAwMDAwMDAwLCJkZWxldGUiOjE4MDAwMDAwMDAwMDAsInJlYWQiOjMwMDAwMDAwMDAwMCwidXBkYXRlIjoxODAwMDAwMDAwMDAwfX0=",
          "dependencies": [
            "azurerm_container_app_environment.test_nginx_auth_poc_private_container_env",
            "azurerm_log_analytics_workspace.public_env022",
            "azurerm_resource_group.test_nginx_poc_auth",
            "azurerm_subnet.aca_private_subnet",
            "azurerm_virtual_network.test_nginx_auth_poc_vnet"
          ]
        }
      ]
    },
    {
      "mode": "managed",
      "type": "azurerm_container_app",
      "name": "test_nginx",
      "provider": "provider[\"registry.terraform.io/hashicorp/azurerm\"]",
      "instances": [
        {
          "schema_version": 0,
          "attributes": {
            "container_app_environment_id": "/subscriptions/972e2591-f0b5-4881-a4ec-6faedc78134c/resourceGroups/Test-rg/providers/Microsoft.App/managedEnvironments/test-env-nginxpocauth-8f3a",
            "custom_domain_verification_id": "6E08973AAC29ACA3F6814DE64E290D516571FD80E2BFBB62A6FB989E86503B1F",
            "dapr": [],
            "id": "/subscriptions/972e2591-f0b5-4881-a4ec-6faedc78134c/resourceGroups/test-rg/providers/Microsoft.App/containerApps/nginx-app",
            "identity": [
              {
                "identity_ids": null,
                "principal_id": "b3634cf3-46b9-4d59-9f5f-379c5dc238a4",
                "tenant_id": "c5fad586-98af-466b-9fa6-a457724edb9c",
                "type": "SystemAssigned"
              }
            ],
            "ingress": [
              {
                "allow_insecure_connections": false,
                "custom_domain": [],
                "exposed_port": 0,
                "external_enabled": true,
                "fqdn": "nginx-app.jollyglacier-8472534a.eastus.azurecontainerapps.io",
                "ip_security_restriction": [],
                "target_port": 80,
                "traffic_weight": [
                  {
                    "label": "",
                    "latest_revision": true,
                    "percentage": 100,
                    "revision_suffix": ""
                  }
                ],
                "transport": "auto"
              }
            ],
            "latest_revision_fqdn": "nginx-app--a6cu72z.jollyglacier-8472534a.eastus.azurecontainerapps.io",
            "latest_revision_name": "nginx-app--a6cu72z",
            "location": "eastus",
            "max_inactive_revisions": 0,
            "name": "nginx-app",
            "outbound_ip_addresses": [
              "48.217.201.68"
            ],
            "registry": [
              {
                "identity": "",
                "password_secret_name": "githubtoken",
                "server": "ghcr.io",
                "username": "vineetkarandikar"
              }
            ],
            "resource_group_name": "test-rg",
            "revision_mode": "Single",
            "secret": [
              {
                "identity": "",
                "key_vault_secret_id": "",
                "name": "githubtoken",
                "value": "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"
              }
            ],
            "tags": {
              "source": "ghcr.io"
            },
            "template": [
              {
                "azure_queue_scale_rule": [],
                "container": [
                  {
                    "args": null,
                    "command": null,
                    "cpu": 0.5,
                    "env": [],
                    "ephemeral_storage": "2Gi",
                    "image": "ghcr.io/vineetkarandikar/nginx-proxy-terraform-azure:nginx",
                    "liveness_probe": [],
                    "memory": "1Gi",
                    "name": "nginx-container",
                    "readiness_probe": [],
                    "startup_probe": [],
                    "volume_mounts": []
                  }
                ],
                "custom_scale_rule": [],
                "http_scale_rule": [],
                "init_container": [],
                "max_replicas": 2,
                "min_replicas": 1,
                "revision_suffix": "",
                "tcp_scale_rule": [],
                "volume": []
              }
            ],
            "timeouts": null,
            "workload_profile_name": ""
          },
          "sensitive_attributes": [
            [
              {
                "type": "get_attr",
                "value": "secret"
              }
            ]
          ],
          "private": "eyJlMmJmYjczMC1lY2FhLTExZTYtOGY4OC0zNDM2M2JjN2M0YzAiOnsiY3JlYXRlIjoxODAwMDAwMDAwMDAwLCJkZWxldGUiOjE4MDAwMDAwMDAwMDAsInJlYWQiOjMwMDAwMDAwMDAwMCwidXBkYXRlIjoxODAwMDAwMDAwMDAwfX0=",
          "dependencies": [
            "azurerm_container_app_environment.test_managed_env_nginx_poc_auth_8f3a",
            "azurerm_log_analytics_workspace.test_workspace_nginx_poc_auth_8a6c",
            "azurerm_resource_group.test_nginx_poc_auth",
            "azurerm_subnet.aca_pub_subnet",
            "azurerm_virtual_network.test_nginx_auth_poc_vnet"
          ]
        }
      ]
    },
    {
      "mode": "managed",
      "type": "azurerm_container_app_environment",
      "name": "test_managed_env_nginx_poc_auth_8f3a",
      "provider": "provider[\"registry.terraform.io/hashicorp/azurerm\"]",
      "instances": [
        {
          "schema_version": 0,
          "attributes": {
            "custom_domain_verification_id": "6E08973AAC29ACA3F6814DE64E290D516571FD80E2BFBB62A6FB989E86503B1F",
            "dapr_application_insights_connection_string": "",
            "default_domain": "jollyglacier-8472534a.eastus.azurecontainerapps.io",
            "docker_bridge_cidr": "",
            "id": "/subscriptions/972e2591-f0b5-4881-a4ec-6faedc78134c/resourceGroups/test-rg/providers/Microsoft.App/managedEnvironments/test-env-nginxpocauth-8f3a",
            "infrastructure_resource_group_name": "",
            "infrastructure_subnet_id": "/subscriptions/972e2591-f0b5-4881-a4ec-6faedc78134c/resourceGroups/test-rg/providers/Microsoft.Network/virtualNetworks/Test-Vnet/subnets/public-subnet",
            "internal_load_balancer_enabled": false,
            "location": "eastus",
            "log_analytics_workspace_id": "/subscriptions/972e2591-f0b5-4881-a4ec-6faedc78134c/resourceGroups/test-rg/providers/Microsoft.OperationalInsights/workspaces/test-workspacenginxpocauth8a6c",
            "mutual_tls_enabled": false,
            "name": "test-env-nginxpocauth-8f3a",
            "platform_reserved_cidr": "10.1.0.0/16",
            "platform_reserved_dns_ip_address": "10.1.0.2",
            "resource_group_name": "test-rg",
            "static_ip_address": "57.152.48.60",
            "tags": {},
            "timeouts": null,
            "workload_profile": [],
            "zone_redundancy_enabled": false
          },
          "sensitive_attributes": [],
          "private": "eyJlMmJmYjczMC1lY2FhLTExZTYtOGY4OC0zNDM2M2JjN2M0YzAiOnsiY3JlYXRlIjoxODAwMDAwMDAwMDAwLCJkZWxldGUiOjE4MDAwMDAwMDAwMDAsInJlYWQiOjMwMDAwMDAwMDAwMCwidXBkYXRlIjoxODAwMDAwMDAwMDAwfX0=",
          "dependencies": [
            "azurerm_log_analytics_workspace.test_workspace_nginx_poc_auth_8a6c",
            "azurerm_resource_group.test_nginx_poc_auth",
            "azurerm_subnet.aca_pub_subnet",
            "azurerm_virtual_network.test_nginx_auth_poc_vnet"
          ]
        }
      ]
    },
    {
      "mode": "managed",
      "type": "azurerm_container_app_environment",
      "name": "test_nginx_auth_poc_private_container_env",
      "provider": "provider[\"registry.terraform.io/hashicorp/azurerm\"]",
      "instances": [
        {
          "schema_version": 0,
          "attributes": {
            "custom_domain_verification_id": "6E08973AAC29ACA3F6814DE64E290D516571FD80E2BFBB62A6FB989E86503B1F",
            "dapr_application_insights_connection_string": "",
            "default_domain": "thankfulrock-3eeafc2a.eastus.azurecontainerapps.io",
            "docker_bridge_cidr": "",
            "id": "/subscriptions/972e2591-f0b5-4881-a4ec-6faedc78134c/resourceGroups/test-rg/providers/Microsoft.App/managedEnvironments/test-backend-services-env",
            "infrastructure_resource_group_name": "",
            "infrastructure_subnet_id": "/subscriptions/972e2591-f0b5-4881-a4ec-6faedc78134c/resourceGroups/test-rg/providers/Microsoft.Network/virtualNetworks/Test-Vnet/subnets/private-subnet",
            "internal_load_balancer_enabled": true,
            "location": "eastus",
            "log_analytics_workspace_id": "/subscriptions/972e2591-f0b5-4881-a4ec-6faedc78134c/resourceGroups/test-rg/providers/Microsoft.OperationalInsights/workspaces/test-workspacenginxpocauthb022",
            "mutual_tls_enabled": false,
            "name": "test-backend-services-env",
            "platform_reserved_cidr": "10.1.0.0/16",
            "platform_reserved_dns_ip_address": "10.1.0.2",
            "resource_group_name": "test-rg",
            "static_ip_address": "10.0.0.10",
            "tags": {},
            "timeouts": null,
            "workload_profile": [],
            "zone_redundancy_enabled": false
          },
          "sensitive_attributes": [],
          "private": "eyJlMmJmYjczMC1lY2FhLTExZTYtOGY4OC0zNDM2M2JjN2M0YzAiOnsiY3JlYXRlIjoxODAwMDAwMDAwMDAwLCJkZWxldGUiOjE4MDAwMDAwMDAwMDAsInJlYWQiOjMwMDAwMDAwMDAwMCwidXBkYXRlIjoxODAwMDAwMDAwMDAwfX0=",
          "dependencies": [
            "azurerm_log_analytics_workspace.public_env022",
            "azurerm_resource_group.test_nginx_poc_auth",
            "azurerm_subnet.aca_private_subnet",
            "azurerm_virtual_network.test_nginx_auth_poc_vnet"
          ]
        }
      ]
    },
    {
      "mode": "managed",
      "type": "azurerm_log_analytics_workspace",
      "name": "public_env022",
      "provider": "provider[\"registry.terraform.io/hashicorp/azurerm\"]",
      "instances": [
        {
          "schema_version": 3,
          "attributes": {
            "allow_resource_only_permissions": true,
            "cmk_for_query_forced": false,
            "daily_quota_gb": -1,
            "data_collection_rule_id": "",
            "id": "/subscriptions/972e2591-f0b5-4881-a4ec-6faedc78134c/resourceGroups/test-rg/providers/Microsoft.OperationalInsights/workspaces/test-workspacenginxpocauthb022",
            "identity": [],
            "immediate_data_purge_on_30_days_enabled": false,
            "internet_ingestion_enabled": true,
            "internet_query_enabled": true,
            "local_authentication_disabled": false,
            "location": "eastus",
            "name": "test-workspacenginxpocauthb022",
            "primary_shared_key": "LltajLN7dwQe5+B0hRQMIi/4XztZPERV+2KfihzmRwkBagALIcjdR+x4XB15UZNPlUPMtKfugvHEm+p4CexNjw==",
            "reservation_capacity_in_gb_per_day": null,
            "resource_group_name": "test-rg",
            "retention_in_days": 30,
            "secondary_shared_key": "0xUW8y27UrzsBq+qdUo0f7Ud7tkuy1zZohKM8Ejufe9bu35b9r7BsxESRLNNT6l85vD9ci5hDzs9Qs/X5C5eeA==",
            "sku": "PerGB2018",
            "tags": {},
            "timeouts": null,
            "workspace_id": "94e77d10-260a-41c7-996b-64f6c446c1a3"
          },
          "sensitive_attributes": [],
          "private": "eyJlMmJmYjczMC1lY2FhLTExZTYtOGY4OC0zNDM2M2JjN2M0YzAiOnsiY3JlYXRlIjoxODAwMDAwMDAwMDAwLCJkZWxldGUiOjE4MDAwMDAwMDAwMDAsInJlYWQiOjMwMDAwMDAwMDAwMCwidXBkYXRlIjoxODAwMDAwMDAwMDAwfSwic2NoZW1hX3ZlcnNpb24iOiIzIn0=",
          "dependencies": [
            "azurerm_resource_group.test_nginx_poc_auth"
          ]
        }
      ]
    },
    {
      "mode": "managed",
      "type": "azurerm_log_analytics_workspace",
      "name": "test_workspace_nginx_poc_auth_8a6c",
      "provider": "provider[\"registry.terraform.io/hashicorp/azurerm\"]",
      "instances": [
        {
          "schema_version": 3,
          "attributes": {
            "allow_resource_only_permissions": true,
            "cmk_for_query_forced": false,
            "daily_quota_gb": -1,
            "data_collection_rule_id": "",
            "id": "/subscriptions/972e2591-f0b5-4881-a4ec-6faedc78134c/resourceGroups/test-rg/providers/Microsoft.OperationalInsights/workspaces/test-workspacenginxpocauth8a6c",
            "identity": [],
            "immediate_data_purge_on_30_days_enabled": false,
            "internet_ingestion_enabled": true,
            "internet_query_enabled": true,
            "local_authentication_disabled": false,
            "location": "eastus",
            "name": "test-workspacenginxpocauth8a6c",
            "primary_shared_key": "xCKexg6dYpr7LMTqB/6KDwf+wkkmcq/wsTE1HcdmqL1UUUKyu8s2rkwDQi/jieVE7AWbGqJK9kVUkTmov/5c3A==",
            "reservation_capacity_in_gb_per_day": null,
            "resource_group_name": "test-rg",
            "retention_in_days": 30,
            "secondary_shared_key": "NRNemabOk3+07T5knq8ZpbfJLsEbuoony8XZMlQCge64nFfMwL670QI4yUL5NnmXezTYNLCI4xdLmPRRgt1Qqw==",
            "sku": "PerGB2018",
            "tags": {},
            "timeouts": null,
            "workspace_id": "9642d593-63be-47ee-91f4-ec14013d5571"
          },
          "sensitive_attributes": [],
          "private": "eyJlMmJmYjczMC1lY2FhLTExZTYtOGY4OC0zNDM2M2JjN2M0YzAiOnsiY3JlYXRlIjoxODAwMDAwMDAwMDAwLCJkZWxldGUiOjE4MDAwMDAwMDAwMDAsInJlYWQiOjMwMDAwMDAwMDAwMCwidXBkYXRlIjoxODAwMDAwMDAwMDAwfSwic2NoZW1hX3ZlcnNpb24iOiIzIn0=",
          "dependencies": [
            "azurerm_resource_group.test_nginx_poc_auth"
          ]
        }
      ]
    },
    {
      "mode": "managed",
      "type": "azurerm_nat_gateway",
      "name": "test_test_public_private_ngw",
      "provider": "provider[\"registry.terraform.io/hashicorp/azurerm\"]",
      "instances": [
        {
          "schema_version": 0,
          "attributes": {
            "id": "/subscriptions/972e2591-f0b5-4881-a4ec-6faedc78134c/resourceGroups/test-rg/providers/Microsoft.Network/natGateways/test-test-public-private-ngw-1",
            "idle_timeout_in_minutes": 4,
            "location": "eastus",
            "name": "test-test-public-private-ngw-1",
            "resource_group_name": "test-rg",
            "resource_guid": "00aa58e7-bf09-4621-8bc2-813bf6f29fc4",
            "sku_name": "Standard",
            "tags": {},
            "timeouts": null,
            "zones": []
          },
          "sensitive_attributes": [],
          "private": "eyJlMmJmYjczMC1lY2FhLTExZTYtOGY4OC0zNDM2M2JjN2M0YzAiOnsiY3JlYXRlIjozNjAwMDAwMDAwMDAwLCJkZWxldGUiOjM2MDAwMDAwMDAwMDAsInJlYWQiOjMwMDAwMDAwMDAwMCwidXBkYXRlIjozNjAwMDAwMDAwMDAwfX0=",
          "dependencies": [
            "azurerm_resource_group.test_nginx_poc_auth"
          ]
        }
      ]
    },
    {
      "mode": "managed",
      "type": "azurerm_network_security_group",
      "name": "private_nsg",
      "provider": "provider[\"registry.terraform.io/hashicorp/azurerm\"]",
      "instances": [
        {
          "schema_version": 0,
          "attributes": {
            "id": "/subscriptions/972e2591-f0b5-4881-a4ec-6faedc78134c/resourceGroups/test-rg/providers/Microsoft.Network/networkSecurityGroups/private-nsg",
            "location": "eastus",
            "name": "private-nsg",
            "resource_group_name": "test-rg",
            "security_rule": [
              {
                "access": "Allow",
                "description": "",
                "destination_address_prefix": "*",
                "destination_address_prefixes": [],
                "destination_application_security_group_ids": [],
                "destination_port_range": "*",
                "destination_port_ranges": [],
                "direction": "Inbound",
                "name": "AllowAnyCustomAnyInbound",
                "priority": 100,
                "protocol": "*",
                "source_address_prefix": "10.0.2.0/23",
                "source_address_prefixes": [],
                "source_application_security_group_ids": [],
                "source_port_range": "*",
                "source_port_ranges": []
              }
            ],
            "tags": {},
            "timeouts": null
          },
          "sensitive_attributes": [],
          "private": "eyJlMmJmYjczMC1lY2FhLTExZTYtOGY4OC0zNDM2M2JjN2M0YzAiOnsiY3JlYXRlIjoxODAwMDAwMDAwMDAwLCJkZWxldGUiOjE4MDAwMDAwMDAwMDAsInJlYWQiOjMwMDAwMDAwMDAwMCwidXBkYXRlIjoxODAwMDAwMDAwMDAwfX0=",
          "dependencies": [
            "azurerm_resource_group.test_nginx_poc_auth"
          ]
        }
      ]
    },
    {
      "mode": "managed",
      "type": "azurerm_network_security_group",
      "name": "test_private_nsg",
      "provider": "provider[\"registry.terraform.io/hashicorp/azurerm\"]",
      "instances": [
        {
          "schema_version": 0,
          "attributes": {
            "id": "/subscriptions/972e2591-f0b5-4881-a4ec-6faedc78134c/resourceGroups/test-rg/providers/Microsoft.Network/networkSecurityGroups/test-private-nsg",
            "location": "eastus",
            "name": "test-private-nsg",
            "resource_group_name": "test-rg",
            "security_rule": [],
            "tags": {},
            "timeouts": null
          },
          "sensitive_attributes": [],
          "private": "eyJlMmJmYjczMC1lY2FhLTExZTYtOGY4OC0zNDM2M2JjN2M0YzAiOnsiY3JlYXRlIjoxODAwMDAwMDAwMDAwLCJkZWxldGUiOjE4MDAwMDAwMDAwMDAsInJlYWQiOjMwMDAwMDAwMDAwMCwidXBkYXRlIjoxODAwMDAwMDAwMDAwfX0=",
          "dependencies": [
            "azurerm_resource_group.test_nginx_poc_auth"
          ]
        }
      ]
    },
    {
      "mode": "managed",
      "type": "azurerm_private_dns_a_record",
      "name": "test_nginx_a_record",
      "provider": "provider[\"registry.terraform.io/hashicorp/azurerm\"]",
      "instances": [
        {
          "schema_version": 0,
          "attributes": {
            "fqdn": "*.thankfulrock-3eeafc2a.eastus.azurecontainerapps.io.",
            "id": "/subscriptions/972e2591-f0b5-4881-a4ec-6faedc78134c/resourceGroups/test-rg/providers/Microsoft.Network/privateDnsZones/thankfulrock-3eeafc2a.eastus.azurecontainerapps.io/A/*",
            "name": "*",
            "records": [
              "10.0.0.10"
            ],
            "resource_group_name": "test-rg",
            "tags": {},
            "timeouts": null,
            "ttl": 3600,
            "zone_name": "thankfulrock-3eeafc2a.eastus.azurecontainerapps.io"
          },
          "sensitive_attributes": [],
          "private": "eyJlMmJmYjczMC1lY2FhLTExZTYtOGY4OC0zNDM2M2JjN2M0YzAiOnsiY3JlYXRlIjoxODAwMDAwMDAwMDAwLCJkZWxldGUiOjE4MDAwMDAwMDAwMDAsInJlYWQiOjMwMDAwMDAwMDAwMCwidXBkYXRlIjoxODAwMDAwMDAwMDAwfX0=",
          "dependencies": [
            "azurerm_container_app_environment.test_nginx_auth_poc_private_container_env",
            "azurerm_log_analytics_workspace.public_env022",
            "azurerm_private_dns_zone.test_bravecoast_dns_zone",
            "azurerm_resource_group.test_nginx_poc_auth",
            "azurerm_subnet.aca_private_subnet",
            "azurerm_virtual_network.test_nginx_auth_poc_vnet"
          ]
        }
      ]
    },
    {
      "mode": "managed",
      "type": "azurerm_private_dns_zone",
      "name": "test_bravecoast_dns_zone",
      "provider": "provider[\"registry.terraform.io/hashicorp/azurerm\"]",
      "instances": [
        {
          "schema_version": 0,
          "attributes": {
            "id": "/subscriptions/972e2591-f0b5-4881-a4ec-6faedc78134c/resourceGroups/test-rg/providers/Microsoft.Network/privateDnsZones/thankfulrock-3eeafc2a.eastus.azurecontainerapps.io",
            "max_number_of_record_sets": 25000,
            "max_number_of_virtual_network_links": 1000,
            "max_number_of_virtual_network_links_with_registration": 100,
            "name": "thankfulrock-3eeafc2a.eastus.azurecontainerapps.io",
            "number_of_record_sets": 2,
            "resource_group_name": "test-rg",
            "soa_record": [
              {
                "email": "azureprivatedns-host.microsoft.com",
                "expire_time": 2419200,
                "fqdn": "thankfulrock-3eeafc2a.eastus.azurecontainerapps.io.",
                "host_name": "azureprivatedns.net",
                "minimum_ttl": 10,
                "refresh_time": 3600,
                "retry_time": 300,
                "serial_number": 1,
                "tags": {},
                "ttl": 3600
              }
            ],
            "tags": {},
            "timeouts": null
          },
          "sensitive_attributes": [],
          "private": "eyJlMmJmYjczMC1lY2FhLTExZTYtOGY4OC0zNDM2M2JjN2M0YzAiOnsiY3JlYXRlIjoxODAwMDAwMDAwMDAwLCJkZWxldGUiOjE4MDAwMDAwMDAwMDAsInJlYWQiOjMwMDAwMDAwMDAwMCwidXBkYXRlIjoxODAwMDAwMDAwMDAwfX0=",
          "dependencies": [
            "azurerm_resource_group.test_nginx_poc_auth"
          ]
        }
      ]
    },
    {
      "mode": "managed",
      "type": "azurerm_private_dns_zone_virtual_network_link",
      "name": "test_private_dns_test_1",
      "provider": "provider[\"registry.terraform.io/hashicorp/azurerm\"]",
      "instances": [
        {
          "schema_version": 0,
          "attributes": {
            "id": "/subscriptions/972e2591-f0b5-4881-a4ec-6faedc78134c/resourceGroups/test-rg/providers/Microsoft.Network/privateDnsZones/thankfulrock-3eeafc2a.eastus.azurecontainerapps.io/virtualNetworkLinks/test-private-dns-test-1",
            "name": "test-private-dns-test-1",
            "private_dns_zone_name": "thankfulrock-3eeafc2a.eastus.azurecontainerapps.io",
            "registration_enabled": false,
            "resource_group_name": "test-rg",
            "tags": {},
            "timeouts": null,
            "virtual_network_id": "/subscriptions/972e2591-f0b5-4881-a4ec-6faedc78134c/resourceGroups/test-rg/providers/Microsoft.Network/virtualNetworks/Test-Vnet"
          },
          "sensitive_attributes": [],
          "private": "eyJlMmJmYjczMC1lY2FhLTExZTYtOGY4OC0zNDM2M2JjN2M0YzAiOnsiY3JlYXRlIjoxODAwMDAwMDAwMDAwLCJkZWxldGUiOjE4MDAwMDAwMDAwMDAsInJlYWQiOjMwMDAwMDAwMDAwMCwidXBkYXRlIjoxODAwMDAwMDAwMDAwfX0=",
          "dependencies": [
            "azurerm_private_dns_zone.test_bravecoast_dns_zone",
            "azurerm_resource_group.test_nginx_poc_auth",
            "azurerm_virtual_network.test_nginx_auth_poc_vnet"
          ]
        }
      ]
    },
    {
      "mode": "managed",
      "type": "azurerm_public_ip",
      "name": "test_private_subnet",
      "provider": "provider[\"registry.terraform.io/hashicorp/azurerm\"]",
      "instances": [
        {
          "schema_version": 0,
          "attributes": {
            "allocation_method": "Static",
            "ddos_protection_mode": "VirtualNetworkInherited",
            "ddos_protection_plan_id": null,
            "domain_name_label": null,
            "domain_name_label_scope": null,
            "edge_zone": "",
            "fqdn": null,
            "id": "/subscriptions/972e2591-f0b5-4881-a4ec-6faedc78134c/resourceGroups/test-rg/providers/Microsoft.Network/publicIPAddresses/test-private-subnet",
            "idle_timeout_in_minutes": 4,
            "ip_address": "20.185.223.202",
            "ip_tags": {},
            "ip_version": "IPv4",
            "location": "eastus",
            "name": "test-private-subnet",
            "public_ip_prefix_id": null,
            "resource_group_name": "test-rg",
            "reverse_fqdn": null,
            "sku": "Standard",
            "sku_tier": "Regional",
            "tags": {},
            "timeouts": null,
            "zones": []
          },
          "sensitive_attributes": [],
          "private": "eyJlMmJmYjczMC1lY2FhLTExZTYtOGY4OC0zNDM2M2JjN2M0YzAiOnsiY3JlYXRlIjoxODAwMDAwMDAwMDAwLCJkZWxldGUiOjE4MDAwMDAwMDAwMDAsInJlYWQiOjMwMDAwMDAwMDAwMCwidXBkYXRlIjoxODAwMDAwMDAwMDAwfX0=",
          "dependencies": [
            "azurerm_resource_group.test_nginx_poc_auth"
          ]
        }
      ]
    },
    {
      "mode": "managed",
      "type": "azurerm_resource_group",
      "name": "test_nginx_poc_auth",
      "provider": "provider[\"registry.terraform.io/hashicorp/azurerm\"]",
      "instances": [
        {
          "schema_version": 0,
          "attributes": {
            "id": "/subscriptions/972e2591-f0b5-4881-a4ec-6faedc78134c/resourceGroups/test-rg",
            "location": "eastus",
            "managed_by": "",
            "name": "test-rg",
            "tags": {},
            "timeouts": null
          },
          "sensitive_attributes": [],
          "private": "eyJlMmJmYjczMC1lY2FhLTExZTYtOGY4OC0zNDM2M2JjN2M0YzAiOnsiY3JlYXRlIjo1NDAwMDAwMDAwMDAwLCJkZWxldGUiOjU0MDAwMDAwMDAwMDAsInJlYWQiOjMwMDAwMDAwMDAwMCwidXBkYXRlIjo1NDAwMDAwMDAwMDAwfX0="
        }
      ]
    },
    {
      "mode": "managed",
      "type": "azurerm_subnet",
      "name": "aca_private_subnet",
      "provider": "provider[\"registry.terraform.io/hashicorp/azurerm\"]",
      "instances": [
        {
          "schema_version": 0,
          "attributes": {
            "address_prefixes": [
              "10.0.0.0/23"
            ],
            "default_outbound_access_enabled": true,
            "delegation": [],
            "id": "/subscriptions/972e2591-f0b5-4881-a4ec-6faedc78134c/resourceGroups/test-rg/providers/Microsoft.Network/virtualNetworks/Test-Vnet/subnets/private-subnet",
            "name": "private-subnet",
            "private_endpoint_network_policies": "Enabled",
            "private_link_service_network_policies_enabled": true,
            "resource_group_name": "test-rg",
            "service_endpoint_policy_ids": [],
            "service_endpoints": [],
            "timeouts": null,
            "virtual_network_name": "Test-Vnet"
          },
          "sensitive_attributes": [],
          "private": "eyJlMmJmYjczMC1lY2FhLTExZTYtOGY4OC0zNDM2M2JjN2M0YzAiOnsiY3JlYXRlIjoxODAwMDAwMDAwMDAwLCJkZWxldGUiOjE4MDAwMDAwMDAwMDAsInJlYWQiOjMwMDAwMDAwMDAwMCwidXBkYXRlIjoxODAwMDAwMDAwMDAwfX0=",
          "dependencies": [
            "azurerm_resource_group.test_nginx_poc_auth",
            "azurerm_virtual_network.test_nginx_auth_poc_vnet"
          ]
        }
      ]
    },
    {
      "mode": "managed",
      "type": "azurerm_subnet",
      "name": "aca_pub_subnet",
      "provider": "provider[\"registry.terraform.io/hashicorp/azurerm\"]",
      "instances": [
        {
          "schema_version": 0,
          "attributes": {
            "address_prefixes": [
              "10.0.2.0/23"
            ],
            "default_outbound_access_enabled": true,
            "delegation": [],
            "id": "/subscriptions/972e2591-f0b5-4881-a4ec-6faedc78134c/resourceGroups/test-rg/providers/Microsoft.Network/virtualNetworks/Test-Vnet/subnets/public-subnet",
            "name": "public-subnet",
            "private_endpoint_network_policies": "Enabled",
            "private_link_service_network_policies_enabled": true,
            "resource_group_name": "test-rg",
            "service_endpoint_policy_ids": [],
            "service_endpoints": [],
            "timeouts": null,
            "virtual_network_name": "Test-Vnet"
          },
          "sensitive_attributes": [],
          "private": "eyJlMmJmYjczMC1lY2FhLTExZTYtOGY4OC0zNDM2M2JjN2M0YzAiOnsiY3JlYXRlIjoxODAwMDAwMDAwMDAwLCJkZWxldGUiOjE4MDAwMDAwMDAwMDAsInJlYWQiOjMwMDAwMDAwMDAwMCwidXBkYXRlIjoxODAwMDAwMDAwMDAwfX0=",
          "dependencies": [
            "azurerm_resource_group.test_nginx_poc_auth",
            "azurerm_virtual_network.test_nginx_auth_poc_vnet"
          ]
        }
      ]
    },
    {
      "mode": "managed",
      "type": "azurerm_subnet_network_security_group_association",
      "name": "example",
      "provider": "provider[\"registry.terraform.io/hashicorp/azurerm\"]",
      "instances": [
        {
          "schema_version": 0,
          "attributes": {
            "id": "/subscriptions/972e2591-f0b5-4881-a4ec-6faedc78134c/resourceGroups/test-rg/providers/Microsoft.Network/virtualNetworks/Test-Vnet/subnets/private-subnet",
            "network_security_group_id": "/subscriptions/972e2591-f0b5-4881-a4ec-6faedc78134c/resourceGroups/test-rg/providers/Microsoft.Network/networkSecurityGroups/private-nsg",
            "subnet_id": "/subscriptions/972e2591-f0b5-4881-a4ec-6faedc78134c/resourceGroups/test-rg/providers/Microsoft.Network/virtualNetworks/Test-Vnet/subnets/private-subnet",
            "timeouts": null
          },
          "sensitive_attributes": [],
          "private": "eyJlMmJmYjczMC1lY2FhLTExZTYtOGY4OC0zNDM2M2JjN2M0YzAiOnsiY3JlYXRlIjoxODAwMDAwMDAwMDAwLCJkZWxldGUiOjE4MDAwMDAwMDAwMDAsInJlYWQiOjMwMDAwMDAwMDAwMH19",
          "dependencies": [
            "azurerm_network_security_group.private_nsg",
            "azurerm_resource_group.test_nginx_poc_auth",
            "azurerm_subnet.aca_private_subnet",
            "azurerm_virtual_network.test_nginx_auth_poc_vnet"
          ]
        }
      ]
    },
    {
      "mode": "managed",
      "type": "azurerm_virtual_network",
      "name": "test_nginx_auth_poc_vnet",
      "provider": "provider[\"registry.terraform.io/hashicorp/azurerm\"]",
      "instances": [
        {
          "schema_version": 0,
          "attributes": {
            "address_space": [
              "10.0.0.0/16"
            ],
            "bgp_community": "",
            "ddos_protection_plan": [],
            "dns_servers": [],
            "edge_zone": "",
            "encryption": [],
            "flow_timeout_in_minutes": 0,
            "guid": "7b815a7a-f6f0-4fdd-bfec-0ba1b58d5fa6",
            "id": "/subscriptions/972e2591-f0b5-4881-a4ec-6faedc78134c/resourceGroups/test-rg/providers/Microsoft.Network/virtualNetworks/Test-Vnet",
            "location": "eastus",
            "name": "Test-Vnet",
            "resource_group_name": "test-rg",
            "subnet": [
              {
                "address_prefixes": [
                  "10.0.0.0/23"
                ],
                "default_outbound_access_enabled": true,
                "delegation": [],
                "id": "/subscriptions/972e2591-f0b5-4881-a4ec-6faedc78134c/resourceGroups/test-rg/providers/Microsoft.Network/virtualNetworks/Test-Vnet/subnets/private-subnet",
                "name": "private-subnet",
                "private_endpoint_network_policies": "Enabled",
                "private_link_service_network_policies_enabled": true,
                "route_table_id": "",
                "security_group": "/subscriptions/972e2591-f0b5-4881-a4ec-6faedc78134c/resourceGroups/test-rg/providers/Microsoft.Network/networkSecurityGroups/private-nsg",
                "service_endpoint_policy_ids": [],
                "service_endpoints": []
              },
              {
                "address_prefixes": [
                  "10.0.2.0/23"
                ],
                "default_outbound_access_enabled": true,
                "delegation": [],
                "id": "/subscriptions/972e2591-f0b5-4881-a4ec-6faedc78134c/resourceGroups/test-rg/providers/Microsoft.Network/virtualNetworks/Test-Vnet/subnets/public-subnet",
                "name": "public-subnet",
                "private_endpoint_network_policies": "Enabled",
                "private_link_service_network_policies_enabled": true,
                "route_table_id": "",
                "security_group": "",
                "service_endpoint_policy_ids": [],
                "service_endpoints": []
              }
            ],
            "tags": {},
            "timeouts": null
          },
          "sensitive_attributes": [],
          "private": "eyJlMmJmYjczMC1lY2FhLTExZTYtOGY4OC0zNDM2M2JjN2M0YzAiOnsiY3JlYXRlIjoxODAwMDAwMDAwMDAwLCJkZWxldGUiOjE4MDAwMDAwMDAwMDAsInJlYWQiOjMwMDAwMDAwMDAwMCwidXBkYXRlIjoxODAwMDAwMDAwMDAwfX0=",
          "dependencies": [
            "azurerm_resource_group.test_nginx_poc_auth"
          ]
        }
      ]
    }
  ],
  "check_results": null
}
